
Microsoft Visual Studio Solution File, Format Version 12.00
# Visual Studio Version 17
VisualStudioVersion = 17.0.31903.59
MinimumVisualStudioVersion = 10.0.40219.1
Project("{2150E333-8FDC-42A3-9474-1A3956D46DE8}") = "src", "src", "{827E0CD3-B72D-47B6-A68D-7590B98EB39B}"
EndProject
Project("{FAE04EC0-301F-11D3-BF4B-00C04F79EFBC}") = "ModularMonolith.Application.Abstractions", "src\ModularMonolith.Application.Abstractions\ModularMonolith.Application.Abstractions.csproj", "{78EF75B5-31B3-4CA6-88F4-C7453D73D01B}"
EndProject
Project("{FAE04EC0-301F-11D3-BF4B-00C04F79EFBC}") = "ModularMonolith.Contracts", "src\ModularMonolith.Contracts\ModularMonolith.Contracts.csproj", "{87874A47-A08F-4418-8952-29A052E2F90C}"
EndProject
Project("{FAE04EC0-301F-11D3-BF4B-00C04F79EFBC}") = "ModularMonolith.Infrastructure", "src\ModularMonolith.Infrastructure\ModularMonolith.Infrastructure.csproj", "{B4780EA1-6C62-4F01-9B1F-9491A9DE8E11}"
EndProject
Project("{2150E333-8FDC-42A3-9474-1A3956D46DE8}") = "Modules", "Modules", "{EC447DCF-ABFA-6E24-52A5-D7FD48A5C558}"
EndProject
Project("{FAE04EC0-301F-11D3-BF4B-00C04F79EFBC}") = "ModularMonolith.Modules.Users", "src\Modules\ModularMonolith.Modules.Users\ModularMonolith.Modules.Users.csproj", "{A25F3C28-B1B5-4414-9EF9-6E0D9FE90C62}"
EndProject
Project("{FAE04EC0-301F-11D3-BF4B-00C04F79EFBC}") = "ModularMonolith.Modules.Auth", "src\Modules\ModularMonolith.Modules.Auth\ModularMonolith.Modules.Auth.csproj", "{6C0857A2-3B1A-4A6C-AE10-84DA2D847A28}"
EndProject
Project("{FAE04EC0-301F-11D3-BF4B-00C04F79EFBC}") = "ModularMonolith.Modules.Approval", "src\Modules\ModularMonolith.Modules.Approval\ModularMonolith.Modules.Approval.csproj", "{6786D530-5C45-4818-8F87-69916B9F7CBF}"
EndProject
Project("{FAE04EC0-301F-11D3-BF4B-00C04F79EFBC}") = "ModularMonolith.Api", "src\ModularMonolith.Api\ModularMonolith.Api.csproj", "{7AE70B2A-D90C-4057-A9C3-0175039C8779}"
EndProject
Project("{2150E333-8FDC-42A3-9474-1A3956D46DE8}") = "tests", "tests", "{0AB3BF05-4346-4AA6-1389-037BE0695223}"
EndProject
Project("{FAE04EC0-301F-11D3-BF4B-00C04F79EFBC}") = "ModularMonolith.Tests", "tests\ModularMonolith.Tests\ModularMonolith.Tests.csproj", "{CD01E15A-B7D0-4ECE-84FC-F1D1280FEC05}"
EndProject
Global
	GlobalSection(SolutionConfigurationPlatforms) = preSolution
		Debug|Any CPU = Debug|Any CPU
		Debug|x64 = Debug|x64
		Debug|x86 = Debug|x86
		Release|Any CPU = Release|Any CPU
		Release|x64 = Release|x64
		Release|x86 = Release|x86
	EndGlobalSection
	GlobalSection(ProjectConfigurationPlatforms) = postSolution
		{78EF75B5-31B3-4CA6-88F4-C7453D73D01B}.Debug|Any CPU.ActiveCfg = Debug|Any CPU
		{78EF75B5-31B3-4CA6-88F4-C7453D73D01B}.Debug|Any CPU.Build.0 = Debug|Any CPU
		{78EF75B5-31B3-4CA6-88F4-C7453D73D01B}.Debug|x64.ActiveCfg = Debug|Any CPU
		{78EF75B5-31B3-4CA6-88F4-C7453D73D01B}.Debug|x64.Build.0 = Debug|Any CPU
		{78EF75B5-31B3-4CA6-88F4-C7453D73D01B}.Debug|x86.ActiveCfg = Debug|Any CPU
		{78EF75B5-31B3-4CA6-88F4-C7453D73D01B}.Debug|x86.Build.0 = Debug|Any CPU
		{78EF75B5-31B3-4CA6-88F4-C7453D73D01B}.Release|Any CPU.ActiveCfg = Release|Any CPU
		{78EF75B5-31B3-4CA6-88F4-C7453D73D01B}.Release|Any CPU.Build.0 = Release|Any CPU
		{78EF75B5-31B3-4CA6-88F4-C7453D73D01B}.Release|x64.ActiveCfg = Release|Any CPU
		{78EF75B5-31B3-4CA6-88F4-C7453D73D01B}.Release|x64.Build.0 = Release|Any CPU
		{78EF75B5-31B3-4CA6-88F4-C7453D73D01B}.Release|x86.ActiveCfg = Release|Any CPU
		{78EF75B5-31B3-4CA6-88F4-C7453D73D01B}.Release|x86.Build.0 = Release|Any CPU
		{87874A47-A08F-4418-8952-29A052E2F90C}.Debug|Any CPU.ActiveCfg = Debug|Any CPU
		{87874A47-A08F-4418-8952-29A052E2F90C}.Debug|Any CPU.Build.0 = Debug|Any CPU
		{87874A47-A08F-4418-8952-29A052E2F90C}.Debug|x64.ActiveCfg = Debug|Any CPU
		{87874A47-A08F-4418-8952-29A052E2F90C}.Debug|x64.Build.0 = Debug|Any CPU
		{87874A47-A08F-4418-8952-29A052E2F90C}.Debug|x86.ActiveCfg = Debug|Any CPU
		{87874A47-A08F-4418-8952-29A052E2F90C}.Debug|x86.Build.0 = Debug|Any CPU
		{87874A47-A08F-4418-8952-29A052E2F90C}.Release|Any CPU.ActiveCfg = Release|Any CPU
		{87874A47-A08F-4418-8952-29A052E2F90C}.Release|Any CPU.Build.0 = Release|Any CPU
		{87874A47-A08F-4418-8952-29A052E2F90C}.Release|x64.ActiveCfg = Release|Any CPU
		{87874A47-A08F-4418-8952-29A052E2F90C}.Release|x64.Build.0 = Release|Any CPU
		{87874A47-A08F-4418-8952-29A052E2F90C}.Release|x86.ActiveCfg = Release|Any CPU
		{87874A47-A08F-4418-8952-29A052E2F90C}.Release|x86.Build.0 = Release|Any CPU
		{B4780EA1-6C62-4F01-9B1F-9491A9DE8E11}.Debug|Any CPU.ActiveCfg = Debug|Any CPU
		{B4780EA1-6C62-4F01-9B1F-9491A9DE8E11}.Debug|Any CPU.Build.0 = Debug|Any CPU
		{B4780EA1-6C62-4F01-9B1F-9491A9DE8E11}.Debug|x64.ActiveCfg = Debug|Any CPU
		{B4780EA1-6C62-4F01-9B1F-9491A9DE8E11}.Debug|x64.Build.0 = Debug|Any CPU
		{B4780EA1-6C62-4F01-9B1F-9491A9DE8E11}.Debug|x86.ActiveCfg = Debug|Any CPU
		{B4780EA1-6C62-4F01-9B1F-9491A9DE8E11}.Debug|x86.Build.0 = Debug|Any CPU
		{B4780EA1-6C62-4F01-9B1F-9491A9DE8E11}.Release|Any CPU.ActiveCfg = Release|Any CPU
		{B4780EA1-6C62-4F01-9B1F-9491A9DE8E11}.Release|Any CPU.Build.0 = Release|Any CPU
		{B4780EA1-6C62-4F01-9B1F-9491A9DE8E11}.Release|x64.ActiveCfg = Release|Any CPU
		{B4780EA1-6C62-4F01-9B1F-9491A9DE8E11}.Release|x64.Build.0 = Release|Any CPU
		{B4780EA1-6C62-4F01-9B1F-9491A9DE8E11}.Release|x86.ActiveCfg = Release|Any CPU
		{B4780EA1-6C62-4F01-9B1F-9491A9DE8E11}.Release|x86.Build.0 = Release|Any CPU
		{A25F3C28-B1B5-4414-9EF9-6E0D9FE90C62}.Debug|Any CPU.ActiveCfg = Debug|Any CPU
		{A25F3C28-B1B5-4414-9EF9-6E0D9FE90C62}.Debug|Any CPU.Build.0 = Debug|Any CPU
		{A25F3C28-B1B5-4414-9EF9-6E0D9FE90C62}.Debug|x64.ActiveCfg = Debug|Any CPU
		{A25F3C28-B1B5-4414-9EF9-6E0D9FE90C62}.Debug|x64.Build.0 = Debug|Any CPU
		{A25F3C28-B1B5-4414-9EF9-6E0D9FE90C62}.Debug|x86.ActiveCfg = Debug|Any CPU
		{A25F3C28-B1B5-4414-9EF9-6E0D9FE90C62}.Debug|x86.Build.0 = Debug|Any CPU
		{A25F3C28-B1B5-4414-9EF9-6E0D9FE90C62}.Release|Any CPU.ActiveCfg = Release|Any CPU
		{A25F3C28-B1B5-4414-9EF9-6E0D9FE90C62}.Release|Any CPU.Build.0 = Release|Any CPU
		{A25F3C28-B1B5-4414-9EF9-6E0D9FE90C62}.Release|x64.ActiveCfg = Release|Any CPU
		{A25F3C28-B1B5-4414-9EF9-6E0D9FE90C62}.Release|x64.Build.0 = Release|Any CPU
		{A25F3C28-B1B5-4414-9EF9-6E0D9FE90C62}.Release|x86.ActiveCfg = Release|Any CPU
		{A25F3C28-B1B5-4414-9EF9-6E0D9FE90C62}.Release|x86.Build.0 = Release|Any CPU
		{6C0857A2-3B1A-4A6C-AE10-84DA2D847A28}.Debug|Any CPU.ActiveCfg = Debug|Any CPU
		{6C0857A2-3B1A-4A6C-AE10-84DA2D847A28}.Debug|Any CPU.Build.0 = Debug|Any CPU
		{6C0857A2-3B1A-4A6C-AE10-84DA2D847A28}.Debug|x64.ActiveCfg = Debug|Any CPU
		{6C0857A2-3B1A-4A6C-AE10-84DA2D847A28}.Debug|x64.Build.0 = Debug|Any CPU
		{6C0857A2-3B1A-4A6C-AE10-84DA2D847A28}.Debug|x86.ActiveCfg = Debug|Any CPU
		{6C0857A2-3B1A-4A6C-AE10-84DA2D847A28}.Debug|x86.Build.0 = Debug|Any CPU
		{6C0857A2-3B1A-4A6C-AE10-84DA2D847A28}.Release|Any CPU.ActiveCfg = Release|Any CPU
		{6C0857A2-3B1A-4A6C-AE10-84DA2D847A28}.Release|Any CPU.Build.0 = Release|Any CPU
		{6C0857A2-3B1A-4A6C-AE10-84DA2D847A28}.Release|x64.ActiveCfg = Release|Any CPU
		{6C0857A2-3B1A-4A6C-AE10-84DA2D847A28}.Release|x64.Build.0 = Release|Any CPU
		{6C0857A2-3B1A-4A6C-AE10-84DA2D847A28}.Release|x86.ActiveCfg = Release|Any CPU
		{6C0857A2-3B1A-4A6C-AE10-84DA2D847A28}.Release|x86.Build.0 = Release|Any CPU
		{6786D530-5C45-4818-8F87-69916B9F7CBF}.Debug|Any CPU.ActiveCfg = Debug|Any CPU
		{6786D530-5C45-4818-8F87-69916B9F7CBF}.Debug|Any CPU.Build.0 = Debug|Any CPU
		{6786D530-5C45-4818-8F87-69916B9F7CBF}.Debug|x64.ActiveCfg = Debug|Any CPU
		{6786D530-5C45-4818-8F87-69916B9F7CBF}.Debug|x64.Build.0 = Debug|Any CPU
		{6786D530-5C45-4818-8F87-69916B9F7CBF}.Debug|x86.ActiveCfg = Debug|Any CPU
		{6786D530-5C45-4818-8F87-69916B9F7CBF}.Debug|x86.Build.0 = Debug|Any CPU
		{6786D530-5C45-4818-8F87-69916B9F7CBF}.Release|Any CPU.ActiveCfg = Release|Any CPU
		{6786D530-5C45-4818-8F87-69916B9F7CBF}.Release|Any CPU.Build.0 = Release|Any CPU
		{6786D530-5C45-4818-8F87-69916B9F7CBF}.Release|x64.ActiveCfg = Release|Any CPU
		{6786D530-5C45-4818-8F87-69916B9F7CBF}.Release|x64.Build.0 = Release|Any CPU
		{6786D530-5C45-4818-8F87-69916B9F7CBF}.Release|x86.ActiveCfg = Release|Any CPU
		{6786D530-5C45-4818-8F87-69916B9F7CBF}.Release|x86.Build.0 = Release|Any CPU
		{7AE70B2A-D90C-4057-A9C3-0175039C8779}.Debug|Any CPU.ActiveCfg = Debug|Any CPU
		{7AE70B2A-D90C-4057-A9C3-0175039C8779}.Debug|Any CPU.Build.0 = Debug|Any CPU
		{7AE70B2A-D90C-4057-A9C3-0175039C8779}.Debug|x64.ActiveCfg = Debug|Any CPU
		{7AE70B2A-D90C-4057-A9C3-0175039C8779}.Debug|x64.Build.0 = Debug|Any CPU
		{7AE70B2A-D90C-4057-A9C3-0175039C8779}.Debug|x86.ActiveCfg = Debug|Any CPU
		{7AE70B2A-D90C-4057-A9C3-0175039C8779}.Debug|x86.Build.0 = Debug|Any CPU
		{7AE70B2A-D90C-4057-A9C3-0175039C8779}.Release|Any CPU.ActiveCfg = Release|Any CPU
		{7AE70B2A-D90C-4057-A9C3-0175039C8779}.Release|Any CPU.Build.0 = Release|Any CPU
		{7AE70B2A-D90C-4057-A9C3-0175039C8779}.Release|x64.ActiveCfg = Release|Any CPU
		{7AE70B2A-D90C-4057-A9C3-0175039C8779}.Release|x64.Build.0 = Release|Any CPU
		{7AE70B2A-D90C-4057-A9C3-0175039C8779}.Release|x86.ActiveCfg = Release|Any CPU
		{7AE70B2A-D90C-4057-A9C3-0175039C8779}.Release|x86.Build.0 = Release|Any CPU
		{CD01E15A-B7D0-4ECE-84FC-F1D1280FEC05}.Debug|Any CPU.ActiveCfg = Debug|Any CPU
		{CD01E15A-B7D0-4ECE-84FC-F1D1280FEC05}.Debug|Any CPU.Build.0 = Debug|Any CPU
		{CD01E15A-B7D0-4ECE-84FC-F1D1280FEC05}.Debug|x64.ActiveCfg = Debug|Any CPU
		{CD01E15A-B7D0-4ECE-84FC-F1D1280FEC05}.Debug|x64.Build.0 = Debug|Any CPU
		{CD01E15A-B7D0-4ECE-84FC-F1D1280FEC05}.Debug|x86.ActiveCfg = Debug|Any CPU
		{CD01E15A-B7D0-4ECE-84FC-F1D1280FEC05}.Debug|x86.Build.0 = Debug|Any CPU
		{CD01E15A-B7D0-4ECE-84FC-F1D1280FEC05}.Release|Any CPU.ActiveCfg = Release|Any CPU
		{CD01E15A-B7D0-4ECE-84FC-F1D1280FEC05}.Release|Any CPU.Build.0 = Release|Any CPU
		{CD01E15A-B7D0-4ECE-84FC-F1D1280FEC05}.Release|x64.ActiveCfg = Release|Any CPU
		{CD01E15A-B7D0-4ECE-84FC-F1D1280FEC05}.Release|x64.Build.0 = Release|Any CPU
		{CD01E15A-B7D0-4ECE-84FC-F1D1280FEC05}.Release|x86.ActiveCfg = Release|Any CPU
		{CD01E15A-B7D0-4ECE-84FC-F1D1280FEC05}.Release|x86.Build.0 = Release|Any CPU
	EndGlobalSection
	GlobalSection(SolutionProperties) = preSolution
		HideSolutionNode = FALSE
	EndGlobalSection
	GlobalSection(NestedProjects) = preSolution
		{78EF75B5-31B3-4CA6-88F4-C7453D73D01B} = {827E0CD3-B72D-47B6-A68D-7590B98EB39B}
		{87874A47-A08F-4418-8952-29A052E2F90C} = {827E0CD3-B72D-47B6-A68D-7590B98EB39B}
		{B4780EA1-6C62-4F01-9B1F-9491A9DE8E11} = {827E0CD3-B72D-47B6-A68D-7590B98EB39B}
		{EC447DCF-ABFA-6E24-52A5-D7FD48A5C558} = {827E0CD3-B72D-47B6-A68D-7590B98EB39B}
		{A25F3C28-B1B5-4414-9EF9-6E0D9FE90C62} = {EC447DCF-ABFA-6E24-52A5-D7FD48A5C558}
		{6C0857A2-3B1A-4A6C-AE10-84DA2D847A28} = {EC447DCF-ABFA-6E24-52A5-D7FD48A5C558}
		{6786D530-5C45-4818-8F87-69916B9F7CBF} = {EC447DCF-ABFA-6E24-52A5-D7FD48A5C558}
		{7AE70B2A-D90C-4057-A9C3-0175039C8779} = {827E0CD3-B72D-47B6-A68D-7590B98EB39B}
		{CD01E15A-B7D0-4ECE-84FC-F1D1280FEC05} = {0AB3BF05-4346-4AA6-1389-037BE0695223}
	EndGlobalSection
EndGlobal
